schema: '2.0'
stages:
  stage_01:
    cmd: python stage_1.py
    deps:
    - path: stage_1.py
      hash: md5
      md5: 12c6fd4add2d93e2f187d74e67495afe
      size: 106
    outs:
    - path: file_1.txt
      hash: md5
      md5: 3dd5dbfe5519f37e4fa3eee1c978c145
      size: 37
  stage_02:
    cmd: python stage_2.py
    deps:
    - path: file_1.txt
      hash: md5
      md5: 3dd5dbfe5519f37e4fa3eee1c978c145
      size: 37
    - path: stage_1.py
      hash: md5
      md5: 12c6fd4add2d93e2f187d74e67495afe
      size: 106
  stage_03:
    cmd: python stage_3.py
    deps:
    - path: file_1.txt
      hash: md5
      md5: 3dd5dbfe5519f37e4fa3eee1c978c145
      size: 37
    - path: stage_1.py
      hash: md5
      md5: 12c6fd4add2d93e2f187d74e67495afe
      size: 106
